<?xml version="1.0" encoding="utf-8"?>
<Project ToolsVersion="4.0" xmlns="http://schemas.microsoft.com/developer/msbuild/2003">
  <ItemGroup>
    <Filter Include="File di risorse">
      <UniqueIdentifier>{67DA6AB6-F800-4c08-8B7A-83BB121AAD01}</UniqueIdentifier>
      <Extensions>rc;ico;cur;bmp;dlg;rc2;rct;bin;rgs;gif;jpg;jpeg;jpe;resx;tiff;tif;png;wav;mfcribbon-ms</Extensions>
    </Filter>
    <Filter Include="Utilities">
      <UniqueIdentifier>{5fa0689d-6efd-4eb2-b121-0214d99ff42f}</UniqueIdentifier>
    </Filter>
    <Filter Include="Main">
      <UniqueIdentifier>{a32bcda3-fa39-4fc3-b892-2780d5f9f793}</UniqueIdentifier>
    </Filter>
    <Filter Include="Game">
      <UniqueIdentifier>{b41b0696-c444-4164-b6bd-80746646d5b2}</UniqueIdentifier>
    </Filter>
    <Filter Include="Game\ComponentSystem">
      <UniqueIdentifier>{59b2ab1e-e1f7-4ea4-9558-7b0a6a24d1b9}</UniqueIdentifier>
    </Filter>
    <Filter Include="Game\ComponentSystem\Components">
      <UniqueIdentifier>{b975d4c1-2ac0-4f9c-a108-ac9b20138e8a}</UniqueIdentifier>
    </Filter>
    <Filter Include="Game\GameEngine">
      <UniqueIdentifier>{d49dbe25-85ce-4226-a58d-ebb82b172b45}</UniqueIdentifier>
    </Filter>
    <Filter Include="Game\EntityThings">
      <UniqueIdentifier>{a593b9fc-cb53-4413-a9f3-7ce801f28976}</UniqueIdentifier>
    </Filter>
    <Filter Include="Game\EntityThings\Entities">
      <UniqueIdentifier>{286e7d5c-592a-4654-bd5e-17d54ce9bf17}</UniqueIdentifier>
    </Filter>
    <Filter Include="Game\Graphics">
      <UniqueIdentifier>{65ee1d1e-6687-40d9-8b12-d9869ff70225}</UniqueIdentifier>
    </Filter>
    <Filter Include="Game\Graphics\LighEngine">
      <UniqueIdentifier>{f2b29deb-eeab-4f3a-9d26-3778c3fcea0d}</UniqueIdentifier>
    </Filter>
    <Filter Include="Game\Graphics\GUI">
      <UniqueIdentifier>{f4e9feb4-2d02-4dba-8a6b-36308ceb32dd}</UniqueIdentifier>
    </Filter>
    <Filter Include="Game\Graphics\Camera">
      <UniqueIdentifier>{9300f7a8-e311-4fba-ad85-2e2a01e86df4}</UniqueIdentifier>
    </Filter>
    <Filter Include="Game\PhysicEngine">
      <UniqueIdentifier>{216162e7-d4cf-42f4-960e-d48207191604}</UniqueIdentifier>
    </Filter>
  </ItemGroup>
  <ItemGroup>
    <ClCompile Include="ComponentSystem.cpp">
      <Filter>Game\ComponentSystem</Filter>
    </ClCompile>
    <ClCompile Include="LightEngine.cpp">
      <Filter>Game\Graphics\LighEngine</Filter>
    </ClCompile>
    <ClCompile Include="LightMeshComponent.cpp">
      <Filter>Game\Graphics\LighEngine</Filter>
    </ClCompile>
    <ClCompile Include="Entity.cpp">
      <Filter>Game\EntityThings</Filter>
    </ClCompile>
    <ClCompile Include="Utility.cpp">
      <Filter>Utilities</Filter>
    </ClCompile>
    <ClCompile Include="GenericTypeList.cpp">
      <Filter>Utilities</Filter>
    </ClCompile>
    <ClCompile Include="Origine.cpp">
      <Filter>Main</Filter>
    </ClCompile>
    <ClCompile Include="EntityEngine.cpp">
      <Filter>Game\EntityThings</Filter>
    </ClCompile>
    <ClCompile Include="GameEngine.cpp">
      <Filter>Game\GameEngine</Filter>
    </ClCompile>
    <ClCompile Include="Camera.cpp">
      <Filter>Game\Graphics\Camera</Filter>
    </ClCompile>
    <ClCompile Include="Player.cpp">
      <Filter>Game\EntityThings\Entities</Filter>
    </ClCompile>
    <ClCompile Include="GlobalVariables.cpp" />
    <ClCompile Include="Wall.cpp">
      <Filter>Game\EntityThings\Entities</Filter>
    </ClCompile>
    <ClCompile Include="CollisionEngine.cpp">
      <Filter>Game\PhysicEngine</Filter>
    </ClCompile>
    <ClCompile Include="MultiThreading.cpp">
      <Filter>Utilities</Filter>
    </ClCompile>
    <ClCompile Include="RigidBody.cpp">
      <Filter>Game\PhysicEngine</Filter>
    </ClCompile>
  </ItemGroup>
  <ItemGroup>
    <ClInclude Include="ComponentSystem.h">
      <Filter>Game\ComponentSystem</Filter>
    </ClInclude>
    <ClInclude Include="LightEngine.h">
      <Filter>Game\Graphics\LighEngine</Filter>
    </ClInclude>
    <ClInclude Include="LightMeshComponent.h">
      <Filter>Game\Graphics\LighEngine</Filter>
    </ClInclude>
    <ClInclude Include="Entity.h">
      <Filter>Game\EntityThings</Filter>
    </ClInclude>
    <ClInclude Include="Utility.h">
      <Filter>Utilities</Filter>
    </ClInclude>
    <ClInclude Include="GenericTypeList.h">
      <Filter>Utilities</Filter>
    </ClInclude>
    <ClInclude Include="EntityEngine.h">
      <Filter>Game\EntityThings</Filter>
    </ClInclude>
    <ClInclude Include="GameEngine.h">
      <Filter>Game\GameEngine</Filter>
    </ClInclude>
    <ClInclude Include="Camera.h">
      <Filter>Game\Graphics\Camera</Filter>
    </ClInclude>
    <ClInclude Include="Player.h">
      <Filter>Game\EntityThings\Entities</Filter>
    </ClInclude>
    <ClInclude Include="GlobalVariables.h" />
    <ClInclude Include="Wall.h">
      <Filter>Game\EntityThings\Entities</Filter>
    </ClInclude>
    <ClInclude Include="CollisionEngine.h">
      <Filter>Game\PhysicEngine</Filter>
    </ClInclude>
    <ClInclude Include="MultiThreading.h">
      <Filter>Utilities</Filter>
    </ClInclude>
    <ClInclude Include="RigidBody.h">
      <Filter>Game\PhysicEngine</Filter>
    </ClInclude>
  </ItemGroup>
  <ItemGroup>
    <Text Include="Documentazione Physic.txt">
      <Filter>Game\PhysicEngine</Filter>
    </Text>
  </ItemGroup>
</Project>